
Microsoft Visual Studio Solution File, Format Version 12.00
# Visual Studio Version 17
VisualStudioVersion = 17.6.33712.159
MinimumVisualStudioVersion = 10.0.40219.1
Project("{FAE04EC0-301F-11D3-BF4B-00C04F79EFBC}") = "BackendTests", "BackendTests.csproj", "{BD8EFD84-05DF-48B4-904D-B939F7CFA70F}"
EndProject
Global
	GlobalSection(SolutionConfigurationPlatforms) = preSolution
		Debug|Any CPU = Debug|Any CPU
		Release|Any CPU = Release|Any CPU
	EndGlobalSection
	GlobalSection(ProjectConfigurationPlatforms) = postSolution
		{BD8EFD84-05DF-48B4-904D-B939F7CFA70F}.Debug|Any CPU.ActiveCfg = Debug|Any CPU
		{BD8EFD84-05DF-48B4-904D-B939F7CFA70F}.Debug|Any CPU.Build.0 = Debug|Any CPU
		{BD8EFD84-05DF-48B4-904D-B939F7CFA70F}.Release|Any CPU.ActiveCfg = Release|Any CPU
		{BD8EFD84-05DF-48B4-904D-B939F7CFA70F}.Release|Any CPU.Build.0 = Release|Any CPU
	EndGlobalSection
	GlobalSection(SolutionProperties) = preSolution
		HideSolutionNode = FALSE
	EndGlobalSection
	GlobalSection(ExtensibilityGlobals) = postSolution
		SolutionGuid = {ACAAEA78-AC06-4A74-9F9A-FFF4BDAB00DF}
	EndGlobalSection
EndGlobal
